
Microsoft Visual Studio Solution File, Format Version 12.00
# Visual Studio Version 17
VisualStudioVersion = 17.5.33516.290
MinimumVisualStudioVersion = 10.0.40219.1
Project("{FAE04EC0-301F-11D3-BF4B-00C04F79EFBC}") = "SharpGippetty", "SharpGippetty.csproj", "{B4AAE321-01AE-4380-AFC5-CA6EBBDE5721}"
EndProject
Global
	GlobalSection(SolutionConfigurationPlatforms) = preSolution
		Debug|Any CPU = Debug|Any CPU
		Release|Any CPU = Release|Any CPU
	EndGlobalSection
	GlobalSection(ProjectConfigurationPlatforms) = postSolution
		{B4AAE321-01AE-4380-AFC5-CA6EBBDE5721}.Debug|Any CPU.ActiveCfg = Debug|Any CPU
		{B4AAE321-01AE-4380-AFC5-CA6EBBDE5721}.Debug|Any CPU.Build.0 = Debug|Any CPU
		{B4AAE321-01AE-4380-AFC5-CA6EBBDE5721}.Release|Any CPU.ActiveCfg = Release|Any CPU
		{B4AAE321-01AE-4380-AFC5-CA6EBBDE5721}.Release|Any CPU.Build.0 = Release|Any CPU
	EndGlobalSection
	GlobalSection(SolutionProperties) = preSolution
		HideSolutionNode = FALSE
	EndGlobalSection
	GlobalSection(ExtensibilityGlobals) = postSolution
		SolutionGuid = {6CFCA1A7-5337-4302-9B33-7E36ECF21CBD}
	EndGlobalSection
EndGlobal
